
Microsoft Visual Studio Solution File, Format Version 12.00
Project("{FAE04EC0-301F-11D3-BF4B-00C04F79EFBC}") = "AgentMvp", "AgentMvp.csproj", "{D5506586-62B3-46B3-BD48-E042FE6F0B5A}"
EndProject
Project("{FAE04EC0-301F-11D3-BF4B-00C04F79EFBC}") = "WebApiMvp", "WebApiMvp\WebApiMvp.csproj", "{2258BD4A-9D84-4D5F-873F-8852082CC443}"
EndProject
Project("{FAE04EC0-301F-11D3-BF4B-00C04F79EFBC}") = "Mvp.Core.Model", "Mvp.Core.Model\Mvp.Core.Model.csproj", "{48643E95-0BE0-480A-8F9B-E8A5AFBA4A8E}"
EndProject
Global
	GlobalSection(SolutionConfigurationPlatforms) = preSolution
		Debug|Any CPU = Debug|Any CPU
		Release|Any CPU = Release|Any CPU
	EndGlobalSection
	GlobalSection(ProjectConfigurationPlatforms) = postSolution
		{D5506586-62B3-46B3-BD48-E042FE6F0B5A}.Debug|Any CPU.ActiveCfg = Debug|Any CPU
		{D5506586-62B3-46B3-BD48-E042FE6F0B5A}.Debug|Any CPU.Build.0 = Debug|Any CPU
		{D5506586-62B3-46B3-BD48-E042FE6F0B5A}.Release|Any CPU.ActiveCfg = Release|Any CPU
		{D5506586-62B3-46B3-BD48-E042FE6F0B5A}.Release|Any CPU.Build.0 = Release|Any CPU
		{2258BD4A-9D84-4D5F-873F-8852082CC443}.Debug|Any CPU.ActiveCfg = Debug|Any CPU
		{2258BD4A-9D84-4D5F-873F-8852082CC443}.Debug|Any CPU.Build.0 = Debug|Any CPU
		{2258BD4A-9D84-4D5F-873F-8852082CC443}.Release|Any CPU.ActiveCfg = Release|Any CPU
		{2258BD4A-9D84-4D5F-873F-8852082CC443}.Release|Any CPU.Build.0 = Release|Any CPU
		{48643E95-0BE0-480A-8F9B-E8A5AFBA4A8E}.Debug|Any CPU.ActiveCfg = Debug|Any CPU
		{48643E95-0BE0-480A-8F9B-E8A5AFBA4A8E}.Debug|Any CPU.Build.0 = Debug|Any CPU
		{48643E95-0BE0-480A-8F9B-E8A5AFBA4A8E}.Release|Any CPU.ActiveCfg = Release|Any CPU
		{48643E95-0BE0-480A-8F9B-E8A5AFBA4A8E}.Release|Any CPU.Build.0 = Release|Any CPU
	EndGlobalSection
EndGlobal
